# This file is generated by running "yarn install" inside your project.
# Manual changes might be lost - proceed with caution!

__metadata:
  version: 6
  cacheKey: 8

"@emnapi/runtime@npm:^1.7.0":
  version: 1.11.2
  resolution: "@emnapi/runtime@npm:1.11.2"
  dependencies:
    tslib: ^2.4.0
  checksum: dc88233176be74958b1609620e0e90c9ce6fc1aba4648c56fb89f6b242e0b192e0f3422c4f65861f94479cb5052247a12b99e9ecae3eeb0209024b356a5d3336
  languageName: node
  linkType: hard

"@img/colour@npm:^1.0.0":
  version: 1.1.0
  resolution: "@img/colour@npm:1.1.0"
  checksum: 1572b4f154fe5987e02e107c32f64a9f50a18cab4a2015b7e53f48317b20c58e00cc2e09467378a2d4f06a6139cabd259b1b6d224e79a3bd6b66daea70a6613d
  languageName: node
  linkType: hard

"@img/sharp-darwin-arm64@npm:0.34.5":
  version: 0.34.5
  resolution: "@img/sharp-darwin-arm64@npm:0.34.5"
  dependencies:
    "@img/sharp-libvips-darwin-arm64": 1.2.4
  dependenciesMeta:
    "@img/sharp-libvips-darwin-arm64":
      optional: true
  conditions: os=darwin & cpu=arm64
  languageName: node
  linkType: hard

"@img/sharp-darwin-x64@npm:0.34.5":
  version: 0.34.5
  resolution: "@img/sharp-darwin-x64@npm:0.34.5"
  dependencies:
    "@img/sharp-libvips-darwin-x64": 1.2.4
  dependenciesMeta:
    "@img/sharp-libvips-darwin-x64":
      optional: true
  conditions: os=darwin & cpu=x64
  languageName: node
  linkType: hard

"@img/sharp-libvips-darwin-arm64@npm:1.2.4":
  version: 1.2.4
  resolution: "@img/sharp-libvips-darwin-arm64@npm:1.2.4"
  conditions: os=darwin & cpu=arm64
  languageName: node
  linkType: hard

"@img/sharp-libvips-darwin-x64@npm:1.2.4":
  version: 1.2.4
  resolution: "@img/sharp-libvips-darwin-x64@npm:1.2.4"
  conditions: os=darwin & cpu=x64
  languageName: node
  linkType: hard

"@img/sharp-libvips-linux-arm64@npm:1.2.4":
  version: 1.2.4
  resolution: "@img/sharp-libvips-linux-arm64@npm:1.2.4"
  conditions: os=linux & cpu=arm64 & libc=glibc
  languageName: node
  linkType: hard

"@img/sharp-libvips-linux-arm@npm:1.2.4":
  version: 1.2.4
  resolution: "@img/sharp-libvips-linux-arm@npm:1.2.4"
  conditions: os=linux & cpu=arm & libc=glibc
  languageName: node
  linkType: hard

"@img/sharp-libvips-linux-ppc64@npm:1.2.4":
  version: 1.2.4
  resolution: "@img/sharp-libvips-linux-ppc64@npm:1.2.4"
  conditions: os=linux & cpu=ppc64 & libc=glibc
  languageName: node
  linkType: hard

"@img/sharp-libvips-linux-riscv64@npm:1.2.4":
  version: 1.2.4
  resolution: "@img/sharp-libvips-linux-riscv64@npm:1.2.4"
  conditions: os=linux & cpu=riscv64 & libc=glibc
  languageName: node
  linkType: hard

"@img/sharp-libvips-linux-s390x@npm:1.2.4":
  version: 1.2.4
  resolution: "@img/sharp-libvips-linux-s390x@npm:1.2.4"
  conditions: os=linux & cpu=s390x & libc=glibc
  languageName: node
  linkType: hard

"@img/sharp-libvips-linux-x64@npm:1.2.4":
  version: 1.2.4
  resolution: "@img/sharp-libvips-linux-x64@npm:1.2.4"
  conditions: os=linux & cpu=x64 & libc=glibc
  languageName: node
  linkType: hard

"@img/sharp-libvips-linuxmusl-arm64@npm:1.2.4":
  version: 1.2.4
  resolution: "@img/sharp-libvips-linuxmusl-arm64@npm:1.2.4"
  conditions: os=linux & cpu=arm64 & libc=musl
  languageName: node
  linkType: hard

"@img/sharp-libvips-linuxmusl-x64@npm:1.2.4":
  version: 1.2.4
  resolution: "@img/sharp-libvips-linuxmusl-x64@npm:1.2.4"
  conditions: os=linux & cpu=x64 & libc=musl
  languageName: node
  linkType: hard

"@img/sharp-linux-arm64@npm:0.34.5":
  version: 0.34.5
  resolution: "@img/sharp-linux-arm64@npm:0.34.5"
  dependencies:
    "@img/sharp-libvips-linux-arm64": 1.2.4
  dependenciesMeta:
    "@img/sharp-libvips-linux-arm64":
      optional: true
  conditions: os=linux & cpu=arm64 & libc=glibc
  languageName: node
  linkType: hard

"@img/sharp-linux-arm@npm:0.34.5":
  version: 0.34.5
  resolution: "@img/sharp-linux-arm@npm:0.34.5"
  dependencies:
    "@img/sharp-libvips-linux-arm": 1.2.4
  dependenciesMeta:
    "@img/sharp-libvips-linux-arm":
      optional: true
  conditions: os=linux & cpu=arm & libc=glibc
  languageName: node
  linkType: hard

"@img/sharp-linux-ppc64@npm:0.34.5":
  version: 0.34.5
  resolution: "@img/sharp-linux-ppc64@npm:0.34.5"
  dependencies:
    "@img/sharp-libvips-linux-ppc64": 1.2.4
  dependenciesMeta:
    "@img/sharp-libvips-linux-ppc64":
      optional: true
  conditions: os=linux & cpu=ppc64 & libc=glibc
  languageName: node
  linkType: hard

"@img/sharp-linux-riscv64@npm:0.34.5":
  version: 0.34.5
  resolution: "@img/sharp-linux-riscv64@npm:0.34.5"
  dependencies:
    "@img/sharp-libvips-linux-riscv64": 1.2.4
  dependenciesMeta:
    "@img/sharp-libvips-linux-riscv64":
      optional: true
  conditions: os=linux & cpu=riscv64 & libc=glibc
  languageName: node
  linkType: hard

"@img/sharp-linux-s390x@npm:0.34.5":
  version: 0.34.5
  resolution: "@img/sharp-linux-s390x@npm:0.34.5"
  dependencies:
    "@img/sharp-libvips-linux-s390x": 1.2.4
  dependenciesMeta:
    "@img/sharp-libvips-linux-s390x":
      optional: true
  conditions: os=linux & cpu=s390x & libc=glibc
  languageName: node
  linkType: hard

"@img/sharp-linux-x64@npm:0.34.5":
  version: 0.34.5
  resolution: "@img/sharp-linux-x64@npm:0.34.5"
  dependencies:
    "@img/sharp-libvips-linux-x64": 1.2.4
  dependenciesMeta:
    "@img/sharp-libvips-linux-x64":
      optional: true
  conditions: os=linux & cpu=x64 & libc=glibc
  languageName: node
  linkType: hard

"@img/sharp-linuxmusl-arm64@npm:0.34.5":
  version: 0.34.5
  resolution: "@img/sharp-linuxmusl-arm64@npm:0.34.5"
  dependencies:
    "@img/sharp-libvips-linuxmusl-arm64": 1.2.4
  dependenciesMeta:
    "@img/sharp-libvips-linuxmusl-arm64":
      optional: true
  conditions: os=linux & cpu=arm64 & libc=musl
  languageName: node
  linkType: hard

"@img/sharp-linuxmusl-x64@npm:0.34.5":
  version: 0.34.5
  resolution: "@img/sharp-linuxmusl-x64@npm:0.34.5"
  dependencies:
    "@img/sharp-libvips-linuxmusl-x64": 1.2.4
  dependenciesMeta:
    "@img/sharp-libvips-linuxmusl-x64":
      optional: true
  conditions: os=linux & cpu=x64 & libc=musl
  languageName: node
  linkType: hard

"@img/sharp-wasm32@npm:0.34.5":
  version: 0.34.5
  resolution: "@img/sharp-wasm32@npm:0.34.5"
  dependencies:
    "@emnapi/runtime": ^1.7.0
  conditions: cpu=wasm32
  languageName: node
  linkType: hard

"@img/sharp-win32-arm64@npm:0.34.5":
  version: 0.34.5
  resolution: "@img/sharp-win32-arm64@npm:0.34.5"
  conditions: os=win32 & cpu=arm64
  languageName: node
  linkType: hard

"@img/sharp-win32-ia32@npm:0.34.5":
  version: 0.34.5
  resolution: "@img/sharp-win32-ia32@npm:0.34.5"
  conditions: os=win32 & cpu=ia32
  languageName: node
  linkType: hard

"@img/sharp-win32-x64@npm:0.34.5":
  version: 0.34.5
  resolution: "@img/sharp-win32-x64@npm:0.34.5"
  conditions: os=win32 & cpu=x64
  languageName: node
  linkType: hard

"@next/env@npm:16.2.10":
  version: 16.2.10
  resolution: "@next/env@npm:16.2.10"
  checksum: 83efc68aed6a1dfaa96ead9e1d7273cfd50b09418e128fa4effa91bda4bd46adeaab9325fd09bae34d8046e7524a923ed9cb6975445f0820c0de399c41f9c820
  languageName: node
  linkType: hard

"@next/swc-darwin-arm64@npm:16.2.10":
  version: 16.2.10
  resolution: "@next/swc-darwin-arm64@npm:16.2.10"
  conditions: os=darwin & cpu=arm64
  languageName: node
  linkType: hard

"@next/swc-darwin-x64@npm:16.2.10":
  version: 16.2.10
  resolution: "@next/swc-darwin-x64@npm:16.2.10"
  conditions: os=darwin & cpu=x64
  languageName: node
  linkType: hard

"@next/swc-linux-arm64-gnu@npm:16.2.10":
  version: 16.2.10
  resolution: "@next/swc-linux-arm64-gnu@npm:16.2.10"
  conditions: os=linux & cpu=arm64 & libc=glibc
  languageName: node
  linkType: hard

"@next/swc-linux-arm64-musl@npm:16.2.10":
  version: 16.2.10
  resolution: "@next/swc-linux-arm64-musl@npm:16.2.10"
  conditions: os=linux & cpu=arm64 & libc=musl
  languageName: node
  linkType: hard

"@next/swc-linux-x64-gnu@npm:16.2.10":
  version: 16.2.10
  resolution: "@next/swc-linux-x64-gnu@npm:16.2.10"
  conditions: os=linux & cpu=x64 & libc=glibc
  languageName: node
  linkType: hard

"@next/swc-linux-x64-musl@npm:16.2.10":
  version: 16.2.10
  resolution: "@next/swc-linux-x64-musl@npm:16.2.10"
  conditions: os=linux & cpu=x64 & libc=musl
  languageName: node
  linkType: hard

"@next/swc-win32-arm64-msvc@npm:16.2.10":
  version: 16.2.10
  resolution: "@next/swc-win32-arm64-msvc@npm:16.2.10"
  conditions: os=win32 & cpu=arm64
  languageName: node
  linkType: hard

"@next/swc-win32-x64-msvc@npm:16.2.10":
  version: 16.2.10
  resolution: "@next/swc-win32-x64-msvc@npm:16.2.10"
  conditions: os=win32 & cpu=x64
  languageName: node
  linkType: hard

"@swc/helpers@npm:0.5.15":
  version: 0.5.15
  resolution: "@swc/helpers@npm:0.5.15"
  dependencies:
    tslib: ^2.8.0
  checksum: 1a9e0dbb792b2d1e0c914d69c201dbc96af3a0e6e6e8cf5a7f7d6a5d7b0e8b762915cd4447acb6b040e2ecc1ed49822875a7239f99a2d63c96c3c3407fb6fccf
  languageName: node
  linkType: hard

"baseline-browser-mapping@npm:^2.9.19":
  version: 2.10.43
  resolution: "baseline-browser-mapping@npm:2.10.43"
  bin:
    baseline-browser-mapping: dist/cli.cjs
  checksum: e6633dd8e139254449f577c2cf0d66af717eae5f1b2ceb557bc0c98fcf505300ca4c0f119603b7c717e6a3d2395ff8f4a992248d02e2dcebc3fcf3e8e696645d
  languageName: node
  linkType: hard

"caniuse-lite@npm:^1.0.30001579":
  version: 1.0.30001806
  resolution: "caniuse-lite@npm:1.0.30001806"
  checksum: 4b4a970fbd7cb7b8ee6b5068336f7afa7d9cc65ff444080630ab363dcb44205994f68897c7685dc3de4f04dd1f65ec395e50790a594d0470db4894bedf5cb379
  languageName: node
  linkType: hard

"client-only@npm:0.0.1":
  version: 0.0.1
  resolution: "client-only@npm:0.0.1"
  checksum: 0c16bf660dadb90610553c1d8946a7fdfb81d624adea073b8440b7d795d5b5b08beb3c950c6a2cf16279365a3265158a236876d92bce16423c485c322d7dfaf8
  languageName: node
  linkType: hard

"detect-libc@npm:^2.1.2":
  version: 2.1.2
  resolution: "detect-libc@npm:2.1.2"
  checksum: 471740d52365084c4b2ae359e507b863f2b1d79b08a92835ebdf701918e08fc9cfba175b3db28483ca33b155e1311a91d69dc42c6d192b476f41a9e1f094ce6a
  languageName: node
  linkType: hard

"nanoid@npm:^3.3.6":
  version: 3.3.16
  resolution: "nanoid@npm:3.3.16"
  bin:
    nanoid: bin/nanoid.cjs
  checksum: 2489d8f87f02178a15b901d7d06e490838383a2acdf01ec2b4e4343c02325ab648965a539eba8bdb821560a33e4c34be506b9e1c7c1bb5cb750e894f500fce92
  languageName: node
  linkType: hard

"next@npm:16.2.10":
  version: 16.2.10
  resolution: "next@npm:16.2.10"
  dependencies:
    "@next/env": 16.2.10
    "@next/swc-darwin-arm64": 16.2.10
    "@next/swc-darwin-x64": 16.2.10
    "@next/swc-linux-arm64-gnu": 16.2.10
    "@next/swc-linux-arm64-musl": 16.2.10
    "@next/swc-linux-x64-gnu": 16.2.10
    "@next/swc-linux-x64-musl": 16.2.10
    "@next/swc-win32-arm64-msvc": 16.2.10
    "@next/swc-win32-x64-msvc": 16.2.10
    "@swc/helpers": 0.5.15
    baseline-browser-mapping: ^2.9.19
    caniuse-lite: ^1.0.30001579
    postcss: 8.4.31
    sharp: ^0.34.5
    styled-jsx: 5.1.6
  peerDependencies:
    "@opentelemetry/api": ^1.1.0
    "@playwright/test": ^1.51.1
    babel-plugin-react-compiler: "*"
    react: ^18.2.0 || 19.0.0-rc-de68d2f4-20241204 || ^19.0.0
    react-dom: ^18.2.0 || 19.0.0-rc-de68d2f4-20241204 || ^19.0.0
    sass: ^1.3.0
  dependenciesMeta:
    "@next/swc-darwin-arm64":
      optional: true
    "@next/swc-darwin-x64":
      optional: true
    "@next/swc-linux-arm64-gnu":
      optional: true
    "@next/swc-linux-arm64-musl":
      optional: true
    "@next/swc-linux-x64-gnu":
      optional: true
    "@next/swc-linux-x64-musl":
      optional: true
    "@next/swc-win32-arm64-msvc":
      optional: true
    "@next/swc-win32-x64-msvc":
      optional: true
    sharp:
      optional: true
  peerDependenciesMeta:
    "@opentelemetry/api":
      optional: true
    "@playwright/test":
      optional: true
    babel-plugin-react-compiler:
      optional: true
    sass:
      optional: true
  bin:
    next: dist/bin/next
  checksum: 16ac79da9ff3290cd0aa23cf1e466566feb989b6c11db474b1baae968f02ac70aff7925099b6304f68fda100126b6f2f5eaea90c1a85efa3957cdcb2191a767c
  languageName: node
  linkType: hard

"picocolors@npm:^1.0.0":
  version: 1.1.1
  resolution: "picocolors@npm:1.1.1"
  checksum: e1cf46bf84886c79055fdfa9dcb3e4711ad259949e3565154b004b260cd356c5d54b31a1437ce9782624bf766272fe6b0154f5f0c744fb7af5d454d2b60db045
  languageName: node
  linkType: hard

"pixel-stack-technologies@workspace:.":
  version: 0.0.0-use.local
  resolution: "pixel-stack-technologies@workspace:."
  dependencies:
    next: 16.2.10
    react: 19.1.0
    react-dom: 19.1.0
  languageName: unknown
  linkType: soft

"postcss@npm:8.4.31":
  version: 8.4.31
  resolution: "postcss@npm:8.4.31"
  dependencies:
    nanoid: ^3.3.6
    picocolors: ^1.0.0
    source-map-js: ^1.0.2
  checksum: 1d8611341b073143ad90486fcdfeab49edd243377b1f51834dc4f6d028e82ce5190e4f11bb2633276864503654fb7cab28e67abdc0fbf9d1f88cad4a0ff0beea
  languageName: node
  linkType: hard

"react-dom@npm:19.1.0":
  version: 19.1.0
  resolution: "react-dom@npm:19.1.0"
  dependencies:
    scheduler: ^0.26.0
  peerDependencies:
    react: ^19.1.0
  checksum: 1d154b6543467095ac269e61ca59db546f34ef76bcdeb90f2dad41d682cd210aae492e70c85010ed5d0a2caea225e9a55139ebc1a615ee85bf197d7f99678cdf
  languageName: node
  linkType: hard

"react@npm:19.1.0":
  version: 19.1.0
  resolution: "react@npm:19.1.0"
  checksum: c0905f8cfb878b0543a5522727e5ed79c67c8111dc16ceee135b7fe19dce77b2c1c19293513061a8934e721292bfc1517e0487e262d1906f306bdf95fa54d02f
  languageName: node
  linkType: hard

"scheduler@npm:^0.26.0":
  version: 0.26.0
  resolution: "scheduler@npm:0.26.0"
  checksum: c63a9f1c0e5089b537231cff6c11f75455b5c8625ae09535c1d7cd0a1b0c77ceecdd9f1074e5e063da5d8dc11e73e8033dcac3361791088be08a6e60c0283ed9
  languageName: node
  linkType: hard

"semver@npm:^7.7.3":
  version: 7.8.5
  resolution: "semver@npm:7.8.5"
  bin:
    semver: bin/semver.js
  checksum: 0c580f17e88e2b45806dc5cf3d824f719c946999d3554bf30307c2b68b3300ab3c8bfcd84d8f489b93b4cbb5362f5fc8de4d2858954f18d834253c4450fc9f6b
  languageName: node
  linkType: hard

"sharp@npm:^0.34.5":
  version: 0.34.5
  resolution: "sharp@npm:0.34.5"
  dependencies:
    "@img/colour": ^1.0.0
    "@img/sharp-darwin-arm64": 0.34.5
    "@img/sharp-darwin-x64": 0.34.5
    "@img/sharp-libvips-darwin-arm64": 1.2.4
    "@img/sharp-libvips-darwin-x64": 1.2.4
    "@img/sharp-libvips-linux-arm": 1.2.4
    "@img/sharp-libvips-linux-arm64": 1.2.4
    "@img/sharp-libvips-linux-ppc64": 1.2.4
    "@img/sharp-libvips-linux-riscv64": 1.2.4
    "@img/sharp-libvips-linux-s390x": 1.2.4
    "@img/sharp-libvips-linux-x64": 1.2.4
    "@img/sharp-libvips-linuxmusl-arm64": 1.2.4
    "@img/sharp-libvips-linuxmusl-x64": 1.2.4
    "@img/sharp-linux-arm": 0.34.5
    "@img/sharp-linux-arm64": 0.34.5
    "@img/sharp-linux-ppc64": 0.34.5
    "@img/sharp-linux-riscv64": 0.34.5
    "@img/sharp-linux-s390x": 0.34.5
    "@img/sharp-linux-x64": 0.34.5
    "@img/sharp-linuxmusl-arm64": 0.34.5
    "@img/sharp-linuxmusl-x64": 0.34.5
    "@img/sharp-wasm32": 0.34.5
    "@img/sharp-win32-arm64": 0.34.5
    "@img/sharp-win32-ia32": 0.34.5
    "@img/sharp-win32-x64": 0.34.5
    detect-libc: ^2.1.2
    semver: ^7.7.3
  dependenciesMeta:
    "@img/sharp-darwin-arm64":
      optional: true
    "@img/sharp-darwin-x64":
      optional: true
    "@img/sharp-libvips-darwin-arm64":
      optional: true
    "@img/sharp-libvips-darwin-x64":
      optional: true
    "@img/sharp-libvips-linux-arm":
      optional: true
    "@img/sharp-libvips-linux-arm64":
      optional: true
    "@img/sharp-libvips-linux-ppc64":
      optional: true
    "@img/sharp-libvips-linux-riscv64":
      optional: true
    "@img/sharp-libvips-linux-s390x":
      optional: true
    "@img/sharp-libvips-linux-x64":
      optional: true
    "@img/sharp-libvips-linuxmusl-arm64":
      optional: true
    "@img/sharp-libvips-linuxmusl-x64":
      optional: true
    "@img/sharp-linux-arm":
      optional: true
    "@img/sharp-linux-arm64":
      optional: true
    "@img/sharp-linux-ppc64":
      optional: true
    "@img/sharp-linux-riscv64":
      optional: true
    "@img/sharp-linux-s390x":
      optional: true
    "@img/sharp-linux-x64":
      optional: true
    "@img/sharp-linuxmusl-arm64":
      optional: true
    "@img/sharp-linuxmusl-x64":
      optional: true
    "@img/sharp-wasm32":
      optional: true
    "@img/sharp-win32-arm64":
      optional: true
    "@img/sharp-win32-ia32":
      optional: true
    "@img/sharp-win32-x64":
      optional: true
  checksum: b86972729697af7e37c96714cd9c5c2470c6b503a79d5b38f6fd3eb4d5a46b20d7c15dae1a73db3d0e0aa605d517f2f66d4f52de7496bfb037dd7feb930c1899
  languageName: node
  linkType: hard

"source-map-js@npm:^1.0.2":
  version: 1.2.1
  resolution: "source-map-js@npm:1.2.1"
  checksum: 4eb0cd997cdf228bc253bcaff9340afeb706176e64868ecd20efbe6efea931465f43955612346d6b7318789e5265bdc419bc7669c1cebe3db0eb255f57efa76b
  languageName: node
  linkType: hard

"styled-jsx@npm:5.1.6":
  version: 5.1.6
  resolution: "styled-jsx@npm:5.1.6"
  dependencies:
    client-only: 0.0.1
  peerDependencies:
    react: ">= 16.8.0 || 17.x.x || ^18.0.0-0 || ^19.0.0-0"
  peerDependenciesMeta:
    "@babel/core":
      optional: true
    babel-plugin-macros:
      optional: true
  checksum: 879ad68e3e81adcf4373038aaafe55f968294955593660e173fbf679204aff158c59966716a60b29af72dc88795cfb2c479b6d2c3c87b2b2d282f3e27cc66461
  languageName: node
  linkType: hard

"tslib@npm:^2.4.0, tslib@npm:^2.8.0":
  version: 2.8.1
  resolution: "tslib@npm:2.8.1"
  checksum: e4aba30e632b8c8902b47587fd13345e2827fa639e7c3121074d5ee0880723282411a8838f830b55100cbe4517672f84a2472667d355b81e8af165a55dc6203a
  languageName: node
  linkType: hard
